// !$*UTF8*$!
{
	archiveVersion = 1;
	classes = {
	};
	objectVersion = 46;
	objects = {

/* Begin PBXBuildFile section */
		2A72DF601E971A8D00263E2D /* AppDelegate.swift in Sources */ = {isa = PBXBuildFile; fileRef = 2A72DF5F1E971A8D00263E2D /* AppDelegate.swift */; };
		2A72DF621E971A8D00263E2D /* ViewController.swift in Sources */ = {isa = PBXBuildFile; fileRef = 2A72DF611E971A8D00263E2D /* ViewController.swift */; };
		2A72DF651E971A8D00263E2D /* Main.storyboard in Resources */ = {isa = PBXBuildFile; fileRef = 2A72DF631E971A8D00263E2D /* Main.storyboard */; };
		2A72DF671E971A8D00263E2D /* Assets.xcassets in Resources */ = {isa = PBXBuildFile; fileRef = 2A72DF661E971A8D00263E2D /* Assets.xcassets */; };
		2A72DF6A1E971A8D00263E2D /* LaunchScreen.storyboard in Resources */ = {isa = PBXBuildFile; fileRef = 2A72DF681E971A8D00263E2D /* LaunchScreen.storyboard */; };
		2A72DF751E971A8D00263E2D /* Numbers_GameTests.swift in Sources */ = {isa = PBXBuildFile; fileRef = 2A72DF741E971A8D00263E2D /* Numbers_GameTests.swift */; };
		2A72DF801E971A8D00263E2D /* Numbers_GameUITests.swift in Sources */ = {isa = PBXBuildFile; fileRef = 2A72DF7F1E971A8D00263E2D /* Numbers_GameUITests.swift */; };
		2A72DF8E1E971CFC00263E2D /* gameModel.swift in Sources */ = {isa = PBXBuildFile; fileRef = 2A72DF8D1E971CFC00263E2D /* gameModel.swift */; };
/* End PBXBuildFile section */

/* Begin PBXContainerItemProxy section */
		2A72DF711E971A8D00263E2D /* PBXContainerItemProxy */ = {
			isa = PBXContainerItemProxy;
			containerPortal = 2A72DF541E971A8D00263E2D /* Project object */;
			proxyType = 1;
			remoteGlobalIDString = 2A72DF5B1E971A8D00263E2D;
			remoteInfo = "Numbers Game";
		};
		2A72DF7C1E971A8D00263E2D /* PBXContainerItemProxy */ = {
			isa = PBXContainerItemProxy;
			containerPortal = 2A72DF541E971A8D00263E2D /* Project object */;
			proxyType = 1;
			remoteGlobalIDString = 2A72DF5B1E971A8D00263E2D;
			remoteInfo = "Numbers Game";
		};
/* End PBXContainerItemProxy section */

/* Begin PBXFileReference section */
		2A72DF5C1E971A8D00263E2D /* NumbersGame.app */ = {isa = PBXFileReference; explicitFileType = wrapper.application; includeInIndex = 0; path = NumbersGame.app; sourceTree = BUILT_PRODUCTS_DIR; };
		2A72DF5F1E971A8D00263E2D /* AppDelegate.swift */ = {isa = PBXFileReference; lastKnownFileType = sourcecode.swift; path = AppDelegate.swift; sourceTree = "<group>"; };
		2A72DF611E971A8D00263E2D /* ViewController.swift */ = {isa = PBXFileReference; lastKnownFileType = sourcecode.swift; path = ViewController.swift; sourceTree = "<group>"; };
		2A72DF641E971A8D00263E2D /* Base */ = {isa = PBXFileReference; lastKnownFileType = file.storyboard; name = Base; path = Base.lproj/Main.storyboard; sourceTree = "<group>"; };
		2A72DF661E971A8D00263E2D /* Assets.xcassets */ = {isa = PBXFileReference; lastKnownFileType = folder.assetcatalog; path = Assets.xcassets; sourceTree = "<group>"; };
		2A72DF691E971A8D00263E2D /* Base */ = {isa = PBXFileReference; lastKnownFileType = file.storyboard; name = Base; path = Base.lproj/LaunchScreen.storyboard; sourceTree = "<group>"; };
		2A72DF6B1E971A8D00263E2D /* Info.plist */ = {isa = PBXFileReference; lastKnownFileType = text.plist.xml; path = Info.plist; sourceTree = "<group>"; };
		2A72DF701E971A8D00263E2D /* NumbersGameTests.xctest */ = {isa = PBXFileReference; explicitFileType = wrapper.cfbundle; includeInIndex = 0; path = NumbersGameTests.xctest; sourceTree = BUILT_PRODUCTS_DIR; };
		2A72DF741E971A8D00263E2D /* Numbers_GameTests.swift */ = {isa = PBXFileReference; lastKnownFileType = sourcecode.swift; path = Numbers_GameTests.swift; sourceTree = "<group>"; };
		2A72DF761E971A8D00263E2D /* Info.plist */ = {isa = PBXFileReference; lastKnownFileType = text.plist.xml; path = Info.plist; sourceTree = "<group>"; };
		2A72DF7B1E971A8D00263E2D /* NumbersGameUITests.xctest */ = {isa = PBXFileReference; explicitFileType = wrapper.cfbundle; includeInIndex = 0; path = NumbersGameUITests.xctest; sourceTree = BUILT_PRODUCTS_DIR; };
		2A72DF7F1E971A8D00263E2D /* Numbers_GameUITests.swift */ = {isa = PBXFileReference; lastKnownFileType = sourcecode.swift; path = Numbers_GameUITests.swift; sourceTree = "<group>"; };
		2A72DF811E971A8D00263E2D /* Info.plist */ = {isa = PBXFileReference; lastKnownFileType = text.plist.xml; path = Info.plist; sourceTree = "<group>"; };
		2A72DF8D1E971CFC00263E2D /* gameModel.swift */ = {isa = PBXFileReference; fileEncoding = 4; lastKnownFileType = sourcecode.swift; path = gameModel.swift; sourceTree = "<group>"; };
/* End PBXFileReference section */

/* Begin PBXFrameworksBuildPhase section */
		2A72DF591E971A8D00263E2D /* Frameworks */ = {
			isa = PBXFrameworksBuildPhase;
			buildActionMask = 2147483647;
			files = (
			);
			runOnlyForDeploymentPostprocessing = 0;
		};
		2A72DF6D1E971A8D00263E2D /* Frameworks */ = {
			isa = PBXFrameworksBuildPhase;
			buildActionMask = 2147483647;
			files = (
			);
			runOnlyForDeploymentPostprocessing = 0;
		};
		2A72DF781E971A8D00263E2D /* Frameworks */ = {
			isa = PBXFrameworksBuildPhase;
			buildActionMask = 2147483647;
			files = (
			);
			runOnlyForDeploymentPostprocessing = 0;
		};
/* End PBXFrameworksBuildPhase section */

/* Begin PBXGroup section */
		2A72DF531E971A8D00263E2D = {
			isa = PBXGroup;
			children = (
				2A72DF5E1E971A8D00263E2D /* NumbersGame */,
				2A72DF731E971A8D00263E2D /* Numbers GameTests */,
				2A72DF7E1E971A8D00263E2D /* Numbers GameUITests */,
				2A72DF5D1E971A8D00263E2D /* Products */,
			);
			sourceTree = "<group>";
		};
		2A72DF5D1E971A8D00263E2D /* Products */ = {
			isa = PBXGroup;
			children = (
				2A72DF5C1E971A8D00263E2D /* NumbersGame.app */,
				2A72DF701E971A8D00263E2D /* NumbersGameTests.xctest */,
				2A72DF7B1E971A8D00263E2D /* NumbersGameUITests.xctest */,
			);
			name = Products;
			sourceTree = "<group>";
		};
		2A72DF5E1E971A8D00263E2D /* NumbersGame */ = {
			isa = PBXGroup;
			children = (
				2A72DF5F1E971A8D00263E2D /* AppDelegate.swift */,
				2A72DF611E971A8D00263E2D /* ViewController.swift */,
				2A72DF631E971A8D00263E2D /* Main.storyboard */,
				2A72DF661E971A8D00263E2D /* Assets.xcassets */,
				2A72DF681E971A8D00263E2D /* LaunchScreen.storyboard */,
				2A72DF6B1E971A8D00263E2D /* Info.plist */,
				2A72DF8D1E971CFC00263E2D /* gameModel.swift */,
			);
			name = NumbersGame;
			path = "Numbers Game";
			sourceTree = "<group>";
		};
		2A72DF731E971A8D00263E2D /* Numbers GameTests */ = {
			isa = PBXGroup;
			children = (
				2A72DF741E971A8D00263E2D /* Numbers_GameTests.swift */,
				2A72DF761E971A8D00263E2D /* Info.plist */,
			);
			path = "Numbers GameTests";
			sourceTree = "<group>";
		};
		2A72DF7E1E971A8D00263E2D /* Numbers GameUITests */ = {
			isa = PBXGroup;
			children = (
				2A72DF7F1E971A8D00263E2D /* Numbers_GameUITests.swift */,
				2A72DF811E971A8D00263E2D /* Info.plist */,
			);
			path = "Numbers GameUITests";
			sourceTree = "<group>";
		};
/* End PBXGroup section */

/* Begin PBXNativeTarget section */
		2A72DF5B1E971A8D00263E2D /* NumbersGame */ = {
			isa = PBXNativeTarget;
			buildConfigurationList = 2A72DF841E971A8D00263E2D /* Build configuration list for PBXNativeTarget "NumbersGame" */;
			buildPhases = (
				2A72DF581E971A8D00263E2D /* Sources */,
				2A72DF591E971A8D00263E2D /* Frameworks */,
				2A72DF5A1E971A8D00263E2D /* Resources */,
			);
			buildRules = (
			);
			dependencies = (
			);
			name = NumbersGame;
			productName = "Numbers Game";
			productReference = 2A72DF5C1E971A8D00263E2D /* NumbersGame.app */;
			productType = "com.apple.product-type.application";
		};
		2A72DF6F1E971A8D00263E2D /* NumbersGameTests */ = {
			isa = PBXNativeTarget;
			buildConfigurationList = 2A72DF871E971A8D00263E2D /* Build configuration list for PBXNativeTarget "NumbersGameTests" */;
			buildPhases = (
				2A72DF6C1E971A8D00263E2D /* Sources */,
				2A72DF6D1E971A8D00263E2D /* Frameworks */,
				2A72DF6E1E971A8D00263E2D /* Resources */,
			);
			buildRules = (
			);
			dependencies = (
				2A72DF721E971A8D00263E2D /* PBXTargetDependency */,
			);
			name = NumbersGameTests;
			productName = "Numbers GameTests";
			productReference = 2A72DF701E971A8D00263E2D /* NumbersGameTests.xctest */;
			productType = "com.apple.product-type.bundle.unit-test";
		};
		2A72DF7A1E971A8D00263E2D /* NumbersGameUITests */ = {
			isa = PBXNativeTarget;
			buildConfigurationList = 2A72DF8A1E971A8D00263E2D /* Build configuration list for PBXNativeTarget "NumbersGameUITests" */;
			buildPhases = (
				2A72DF771E971A8D00263E2D /* Sources */,
				2A72DF781E971A8D00263E2D /* Frameworks */,
				2A72DF791E971A8D00263E2D /* Resources */,
			);
			buildRules = (
			);
			dependencies = (
				2A72DF7D1E971A8D00263E2D /* PBXTargetDependency */,
			);
			name = NumbersGameUITests;
			productName = "Numbers GameUITests";
			productReference = 2A72DF7B1E971A8D00263E2D /* NumbersGameUITests.xctest */;
			productType = "com.apple.product-type.bundle.ui-testing";
		};
/* End PBXNativeTarget section */

/* Begin PBXProject section */
		2A72DF541E971A8D00263E2D /* Project object */ = {
			isa = PBXProject;
			attributes = {
				LastSwiftUpdateCheck = 0830;
				LastUpgradeCheck = 0830;
				ORGANIZATIONNAME = "Michael Fan";
				TargetAttributes = {
					2A72DF5B1E971A8D00263E2D = {
						CreatedOnToolsVersion = 8.3;
						ProvisioningStyle = Automatic;
					};
					2A72DF6F1E971A8D00263E2D = {
						CreatedOnToolsVersion = 8.3;
						ProvisioningStyle = Automatic;
						TestTargetID = 2A72DF5B1E971A8D00263E2D;
					};
					2A72DF7A1E971A8D00263E2D = {
						CreatedOnToolsVersion = 8.3;
						ProvisioningStyle = Automatic;
						TestTargetID = 2A72DF5B1E971A8D00263E2D;
					};
				};
			};
			buildConfigurationList = 2A72DF571E971A8D00263E2D /* Build configuration list for PBXProject "NumbersGame" */;
			compatibilityVersion = "Xcode 3.2";
			developmentRegion = English;
			hasScannedForEncodings = 0;
			knownRegions = (
				en,
				Base,
			);
			mainGroup = 2A72DF531E971A8D00263E2D;
			productRefGroup = 2A72DF5D1E971A8D00263E2D /* Products */;
			projectDirPath = "";
			projectRoot = "";
			targets = (
				2A72DF5B1E971A8D00263E2D /* NumbersGame */,
				2A72DF6F1E971A8D00263E2D /* NumbersGameTests */,
				2A72DF7A1E971A8D00263E2D /* NumbersGameUITests */,
			);
		};
/* End PBXProject section */

/* Begin PBXResourcesBuildPhase section */
		2A72DF5A1E971A8D00263E2D /* Resources */ = {
			isa = PBXResourcesBuildPhase;
			buildActionMask = 2147483647;
			files = (
				2A72DF6A1E971A8D00263E2D /* LaunchScreen.storyboard in Resources */,
				2A72DF671E971A8D00263E2D /* Assets.xcassets in Resources */,
				2A72DF651E971A8D00263E2D /* Main.storyboard in Resources */,
			);
			runOnlyForDeploymentPostprocessing = 0;
		};
		2A72DF6E1E971A8D00263E2D /* Resources */ = {
			isa = PBXResourcesBuildPhase;
			buildActionMask = 2147483647;
			files = (
			);
			runOnlyForDeploymentPostprocessing = 0;
		};
		2A72DF791E971A8D00263E2D /* Resources */ = {
			isa = PBXResourcesBuildPhase;
			buildActionMask = 2147483647;
			files = (
			);
			runOnlyForDeploymentPostprocessing = 0;
		};
/* End PBXResourcesBuildPhase section */

/* Begin PBXSourcesBuildPhase section */
		2A72DF581E971A8D00263E2D /* Sources */ = {
			isa = PBXSourcesBuildPhase;
			buildActionMask = 2147483647;
			files = (
				2A72DF621E971A8D00263E2D /* ViewController.swift in Sources */,
				2A72DF601E971A8D00263E2D /* AppDelegate.swift in Sources */,
				2A72DF8E1E971CFC00263E2D /* gameModel.swift in Sources */,
			);
			runOnlyForDeploymentPostprocessing = 0;
		};
		2A72DF6C1E971A8D00263E2D /* Sources */ = {
			isa = PBXSourcesBuildPhase;
			buildActionMask = 2147483647;
			files = (
				2A72DF751E971A8D00263E2D /* Numbers_GameTests.swift in Sources */,
			);
			runOnlyForDeploymentPostprocessing = 0;
		};
		2A72DF771E971A8D00263E2D /* Sources */ = {
			isa = PBXSourcesBuildPhase;
			buildActionMask = 2147483647;
			files = (
				2A72DF801E971A8D00263E2D /* Numbers_GameUITests.swift in Sources */,
			);
			runOnlyForDeploymentPostprocessing = 0;
		};
/* End PBXSourcesBuildPhase section */

/* Begin PBXTargetDependency section */
		2A72DF721E971A8D00263E2D /* PBXTargetDependency */ = {
			isa = PBXTargetDependency;
			target = 2A72DF5B1E971A8D00263E2D /* NumbersGame */;
			targetProxy = 2A72DF711E971A8D00263E2D /* PBXContainerItemProxy */;
		};
		2A72DF7D1E971A8D00263E2D /* PBXTargetDependency */ = {
			isa = PBXTargetDependency;
			target = 2A72DF5B1E971A8D00263E2D /* NumbersGame */;
			targetProxy = 2A72DF7C1E971A8D00263E2D /* PBXContainerItemProxy */;
		};
/* End PBXTargetDependency section */

/* Begin PBXVariantGroup section */
		2A72DF631E971A8D00263E2D /* Main.storyboard */ = {
			isa = PBXVariantGroup;
			children = (
				2A72DF641E971A8D00263E2D /* Base */,
			);
			name = Main.storyboard;
			sourceTree = "<group>";
		};
		2A72DF681E971A8D00263E2D /* LaunchScreen.storyboard */ = {
			isa = PBXVariantGroup;
			children = (
				2A72DF691E971A8D00263E2D /* Base */,
			);
			name = LaunchScreen.storyboard;
			sourceTree = "<group>";
		};
/* End PBXVariantGroup section */

/* Begin XCBuildConfiguration section */
		2A72DF821E971A8D00263E2D /* Debug */ = {
			isa = XCBuildConfiguration;
			buildSettings = {
				ALWAYS_SEARCH_USER_PATHS = NO;
				CLANG_ANALYZER_NONNULL = YES;
				CLANG_ANALYZER_NUMBER_OBJECT_CONVERSION = YES_AGGRESSIVE;
				CLANG_CXX_LANGUAGE_STANDARD = "gnu++0x";
				CLANG_CXX_LIBRARY = "libc++";
				CLANG_ENABLE_MODULES = YES;
				CLANG_ENABLE_OBJC_ARC = YES;
				CLANG_WARN_BOOL_CONVERSION = YES;
				CLANG_WARN_CONSTANT_CONVERSION = YES;
				CLANG_WARN_DIRECT_OBJC_ISA_USAGE = YES_ERROR;
				CLANG_WARN_DOCUMENTATION_COMMENTS = YES;
				CLANG_WARN_EMPTY_BODY = YES;
				CLANG_WARN_ENUM_CONVERSION = YES;
				CLANG_WARN_INFINITE_RECURSION = YES;
				CLANG_WARN_INT_CONVERSION = YES;
				CLANG_WARN_OBJC_ROOT_CLASS = YES_ERROR;
				CLANG_WARN_SUSPICIOUS_MOVE = YES;
				CLANG_WARN_UNREACHABLE_CODE = YES;
				CLANG_WARN__DUPLICATE_METHOD_MATCH = YES;
				"CODE_SIGN_IDENTITY[sdk=iphoneos*]" = "iPhone Developer";
				COPY_PHASE_STRIP = NO;
				DEBUG_INFORMATION_FORMAT = dwarf;
				ENABLE_STRICT_OBJC_MSGSEND = YES;
				ENABLE_TESTABILITY = YES;
				GCC_C_LANGUAGE_STANDARD = gnu99;
				GCC_DYNAMIC_NO_PIC = NO;
				GCC_NO_COMMON_BLOCKS = YES;
				GCC_OPTIMIZATION_LEVEL = 0;
				GCC_PREPROCESSOR_DEFINITIONS = (
					"DEBUG=1",
					"$(inherited)",
				);
				GCC_WARN_64_TO_32_BIT_CONVERSION = YES;
				GCC_WARN_ABOUT_RETURN_TYPE = YES_ERROR;
				GCC_WARN_UNDECLARED_SELECTOR = YES;
				GCC_WARN_UNINITIALIZED_AUTOS = YES_AGGRESSIVE;
				GCC_WARN_UNUSED_FUNCTION = YES;
				GCC_WARN_UNUSED_VARIABLE = YES;
				IPHONEOS_DEPLOYMENT_TARGET = 10.3;
				MTL_ENABLE_DEBUG_INFO = YES;
				ONLY_ACTIVE_ARCH = YES;
				SDKROOT = iphoneos;
				SWIFT_ACTIVE_COMPILATION_CONDITIONS = DEBUG;
				SWIFT_OPTIMIZATION_LEVEL = "-Onone";
			};
			name = Debug;
		};
		2A72DF831E971A8D00263E2D /* Release */ = {
			isa = XCBuildConfiguration;
			buildSettings = {
				ALWAYS_SEARCH_USER_PATHS = NO;
				CLANG_ANALYZER_NONNULL = YES;
				CLANG_ANALYZER_NUMBER_OBJECT_CONVERSION = YES_AGGRESSIVE;
				CLANG_CXX_LANGUAGE_STANDARD = "gnu++0x";
				CLANG_CXX_LIBRARY = "libc++";
				CLANG_ENABLE_MODULES = YES;
				CLANG_ENABLE_OBJC_ARC = YES;
				CLANG_WARN_BOOL_CONVERSION = YES;
				CLANG_WARN_CONSTANT_CONVERSION = YES;
				CLANG_WARN_DIRECT_OBJC_ISA_USAGE = YES_ERROR;
				CLANG_WARN_DOCUMENTATION_COMMENTS = YES;
				CLANG_WARN_EMPTY_BODY = YES;
				CLANG_WARN_ENUM_CONVERSION = YES;
				CLANG_WARN_INFINITE_RECURSION = YES;
				CLANG_WARN_INT_CONVERSION = YES;
				CLANG_WARN_OBJC_ROOT_CLASS = YES_ERROR;
				CLANG_WARN_SUSPICIOUS_MOVE = YES;
				CLANG_WARN_UNREACHABLE_CODE = YES;
				CLANG_WARN__DUPLICATE_METHOD_MATCH = YES;
				"CODE_SIGN_IDENTITY[sdk=iphoneos*]" = "iPhone Developer";
				COPY_PHASE_STRIP = NO;
				DEBUG_INFORMATION_FORMAT = "dwarf-with-dsym";
				ENABLE_NS_ASSERTIONS = NO;
				ENABLE_STRICT_OBJC_MSGSEND = YES;
				GCC_C_LANGUAGE_STANDARD = gnu99;
				GCC_NO_COMMON_BLOCKS = YES;
				GCC_WARN_64_TO_32_BIT_CONVERSION = YES;
				GCC_WARN_ABOUT_RETURN_TYPE = YES_ERROR;
				GCC_WARN_UNDECLARED_SELECTOR = YES;
				GCC_WARN_UNINITIALIZED_AUTOS = YES_AGGRESSIVE;
				GCC_WARN_UNUSED_FUNCTION = YES;
				GCC_WARN_UNUSED_VARIABLE = YES;
				IPHONEOS_DEPLOYMENT_TARGET = 10.3;
				MTL_ENABLE_DEBUG_INFO = NO;
				SDKROOT = iphoneos;
				SWIFT_OPTIMIZATION_LEVEL = "-Owholemodule";
				VALIDATE_PRODUCT = YES;
			};
			name = Release;
		};
		2A72DF851E971A8D00263E2D /* Debug */ = {
			isa = XCBuildConfiguration;
			buildSettings = {
				ASSETCATALOG_COMPILER_APPICON_NAME = AppIcon;
				INFOPLIST_FILE = "Numbers Game/Info.plist";
				LD_RUNPATH_SEARCH_PATHS = "$(inherited) @executable_path/Frameworks";
				PRODUCT_BUNDLE_IDENTIFIER = "com.mfan.Numbers-Game";
				PRODUCT_NAME = "$(TARGET_NAME)";
				SWIFT_VERSION = 3.0;
			};
			name = Debug;
		};
		2A72DF861E971A8D00263E2D /* Release */ = {
			isa = XCBuildConfiguration;
			buildSettings = {
				ASSETCATALOG_COMPILER_APPICON_NAME = AppIcon;
				INFOPLIST_FILE = "Numbers Game/Info.plist";
				LD_RUNPATH_SEARCH_PATHS = "$(inherited) @executable_path/Frameworks";
				PRODUCT_BUNDLE_IDENTIFIER = "com.mfan.Numbers-Game";
				PRODUCT_NAME = "$(TARGET_NAME)";
				SWIFT_VERSION = 3.0;
			};
			name = Release;
		};
		2A72DF881E971A8D00263E2D /* Debug */ = {
			isa = XCBuildConfiguration;
			buildSettings = {
				ALWAYS_EMBED_SWIFT_STANDARD_LIBRARIES = YES;
				BUNDLE_LOADER = "$(TEST_HOST)";
				INFOPLIST_FILE = "Numbers GameTests/Info.plist";
				LD_RUNPATH_SEARCH_PATHS = "$(inherited) @executable_path/Frameworks @loader_path/Frameworks";
				PRODUCT_BUNDLE_IDENTIFIER = "com.mfan.Numbers-GameTests";
				PRODUCT_NAME = "$(TARGET_NAME)";
				SWIFT_VERSION = 3.0;
				TEST_HOST = "$(BUILT_PRODUCTS_DIR)/NumbersGame.app/NumbersGame";
			};
			name = Debug;
		};
		2A72DF891E971A8D00263E2D /* Release */ = {
			isa = XCBuildConfiguration;
			buildSettings = {
				ALWAYS_EMBED_SWIFT_STANDARD_LIBRARIES = YES;
				BUNDLE_LOADER = "$(TEST_HOST)";
				INFOPLIST_FILE = "Numbers GameTests/Info.plist";
				LD_RUNPATH_SEARCH_PATHS = "$(inherited) @executable_path/Frameworks @loader_path/Frameworks";
				PRODUCT_BUNDLE_IDENTIFIER = "com.mfan.Numbers-GameTests";
				PRODUCT_NAME = "$(TARGET_NAME)";
				SWIFT_VERSION = 3.0;
				TEST_HOST = "$(BUILT_PRODUCTS_DIR)/NumbersGame.app/NumbersGame";
			};
			name = Release;
		};
		2A72DF8B1E971A8D00263E2D /* Debug */ = {
			isa = XCBuildConfiguration;
			buildSettings = {
				ALWAYS_EMBED_SWIFT_STANDARD_LIBRARIES = YES;
				INFOPLIST_FILE = "Numbers GameUITests/Info.plist";
				LD_RUNPATH_SEARCH_PATHS = "$(inherited) @executable_path/Frameworks @loader_path/Frameworks";
				PRODUCT_BUNDLE_IDENTIFIER = "com.mfan.Numbers-GameUITests";
				PRODUCT_NAME = "$(TARGET_NAME)";
				SWIFT_VERSION = 3.0;
				TEST_TARGET_NAME = "Numbers Game";
			};
			name = Debug;
		};
		2A72DF8C1E971A8D00263E2D /* Release */ = {
			isa = XCBuildConfiguration;
			buildSettings = {
				ALWAYS_EMBED_SWIFT_STANDARD_LIBRARIES = YES;
				INFOPLIST_FILE = "Numbers GameUITests/Info.plist";
				LD_RUNPATH_SEARCH_PATHS = "$(inherited) @executable_path/Frameworks @loader_path/Frameworks";
				PRODUCT_BUNDLE_IDENTIFIER = "com.mfan.Numbers-GameUITests";
				PRODUCT_NAME = "$(TARGET_NAME)";
				SWIFT_VERSION = 3.0;
				TEST_TARGET_NAME = "Numbers Game";
			};
			name = Release;
		};
/* End XCBuildConfiguration section */

/* Begin XCConfigurationList section */
		2A72DF571E971A8D00263E2D /* Build configuration list for PBXProject "NumbersGame" */ = {
			isa = XCConfigurationList;
			buildConfigurations = (
				2A72DF821E971A8D00263E2D /* Debug */,
				2A72DF831E971A8D00263E2D /* Release */,
			);
			defaultConfigurationIsVisible = 0;
			defaultConfigurationName = Release;
		};
		2A72DF841E971A8D00263E2D /* Build configuration list for PBXNativeTarget "NumbersGame" */ = {
			isa = XCConfigurationList;
			buildConfigurations = (
				2A72DF851E971A8D00263E2D /* Debug */,
				2A72DF861E971A8D00263E2D /* Release */,
			);
			defaultConfigurationIsVisible = 0;
		};
		2A72DF871E971A8D00263E2D /* Build configuration list for PBXNativeTarget "NumbersGameTests" */ = {
			isa = XCConfigurationList;
			buildConfigurations = (
				2A72DF881E971A8D00263E2D /* Debug */,
				2A72DF891E971A8D00263E2D /* Release */,
			);
			defaultConfigurationIsVisible = 0;
		};
		2A72DF8A1E971A8D00263E2D /* Build configuration list for PBXNativeTarget "NumbersGameUITests" */ = {
			isa = XCConfigurationList;
			buildConfigurations = (
				2A72DF8B1E971A8D00263E2D /* Debug */,
				2A72DF8C1E971A8D00263E2D /* Release */,
			);
			defaultConfigurationIsVisible = 0;
		};
/* End XCConfigurationList section */
	};
	rootObject = 2A72DF541E971A8D00263E2D /* Project object */;
}
